{
  "nodes": {
    "home-manager": {
      "inputs": {
        "nixpkgs": "nixpkgs"
      },
      "locked": {
        "lastModified": 1686391840,
        "narHash": "sha256-5S0APl6Mfm6a37taHwvuf11UHnAX0+PnoWQbsYbMUnc=",
        "owner": "nix-community",
        "repo": "home-manager",
        "rev": "0144ac418ef633bfc9dbd89b8c199ad3a617c59f",
        "type": "github"
      },
      "original": {
        "owner": "nix-community",
        "repo": "home-manager",
        "type": "github"
      }
    },
    "nixpkgs": {
      "locked": {
        "lastModified": 1685931219,
        "narHash": "sha256-8EWeOZ6LKQfgAjB/USffUSELPRjw88A+xTcXnOUvO5M=",
        "owner": "nixos",
        "repo": "nixpkgs",
        "rev": "7409480d5c8584a1a83c422530419efe4afb0d19",
        "type": "github"
      },
      "original": {
        "owner": "nixos",
        "ref": "nixos-unstable",
        "repo": "nixpkgs",
        "type": "github"
      }
    },
    "nixpkgs_2": {
      "locked": {
        "lastModified": 1686455631,
        "narHash": "sha256-EiguBfNpiLxismz+196zjyWNYKVe36BTSU7FjNbMRtI=",
        "owner": "NixOS",
        "repo": "nixpkgs",
        "rev": "3682aff2ae1efca20eca014558a6168ca4e957fd",
        "type": "github"
      },
      "original": {
        "owner": "NixOS",
        "repo": "nixpkgs",
        "type": "github"
      }
    },
    "root": {
      "inputs": {
        "home-manager": "home-manager",
        "nixpkgs": "nixpkgs_2"
      }
    }
  },
  "root": "root",
  "version": 7
}
